
Microsoft Visual Studio Solution File, Format Version 12.00
# Visual Studio 2012
Project("{FAE04EC0-301F-11D3-BF4B-00C04F79EFBC}") = "Credit", "Old\Credit.csproj", "{1B997F8A-1BED-41CF-8C38-95F8723299CF}"
EndProject
Project("{FAE04EC0-301F-11D3-BF4B-00C04F79EFBC}") = "Course", "New\Course.csproj", "{4C6EDD84-6B50-419A-9C9D-BDABA0E69170}"
EndProject
Global
	GlobalSection(SolutionConfigurationPlatforms) = preSolution
		Debug|Any CPU = Debug|Any CPU
		Release|Any CPU = Release|Any CPU
	EndGlobalSection
	GlobalSection(ProjectConfigurationPlatforms) = postSolution
		{1B997F8A-1BED-41CF-8C38-95F8723299CF}.Debug|Any CPU.ActiveCfg = Debug|Any CPU
		{1B997F8A-1BED-41CF-8C38-95F8723299CF}.Debug|Any CPU.Build.0 = Debug|Any CPU
		{1B997F8A-1BED-41CF-8C38-95F8723299CF}.Release|Any CPU.ActiveCfg = Release|Any CPU
		{1B997F8A-1BED-41CF-8C38-95F8723299CF}.Release|Any CPU.Build.0 = Release|Any CPU
		{4C6EDD84-6B50-419A-9C9D-BDABA0E69170}.Debug|Any CPU.ActiveCfg = Debug|Any CPU
		{4C6EDD84-6B50-419A-9C9D-BDABA0E69170}.Debug|Any CPU.Build.0 = Debug|Any CPU
		{4C6EDD84-6B50-419A-9C9D-BDABA0E69170}.Release|Any CPU.ActiveCfg = Release|Any CPU
		{4C6EDD84-6B50-419A-9C9D-BDABA0E69170}.Release|Any CPU.Build.0 = Release|Any CPU
	EndGlobalSection
	GlobalSection(SolutionProperties) = preSolution
		HideSolutionNode = FALSE
	EndGlobalSection
	GlobalSection(ExtensibilityGlobals) = postSolution
		SolutionGuid = {4DDA179D-62C0-412F-9BC8-BD7DAB38E760}
	EndGlobalSection
EndGlobal
